# THIS IS AN AUTOGENERATED FILE. DO NOT EDIT THIS FILE DIRECTLY.
# yarn lockfile v1


bindings@~1.2.1:
  version "1.2.1"
  resolved "https://registry.yarnpkg.com/bindings/-/bindings-1.2.1.tgz#14ad6113812d2d37d72e67b4cacb4bb726505f11"

blocking-await@^1.0.0:
  version "1.0.0"
  resolved "https://registry.yarnpkg.com/blocking-await/-/blocking-await-1.0.0.tgz#e12981fe5bde758b3cdebaaa2c069fd1ab693dd9"
  dependencies:
    deasync "^0.1.9"

deasync@^0.1.9:
  version "0.1.9"
  resolved "https://registry.yarnpkg.com/deasync/-/deasync-0.1.9.tgz#f58dd49fa63110c74bea8405a90a828be26d3a24"
  dependencies:
    bindings "~1.2.1"
    nan "^2.0.7"

nan@^2.0.7:
  version "2.6.2"
  resolved "https://registry.yarnpkg.com/nan/-/nan-2.6.2.tgz#e4ff34e6c95fdfb5aecc08de6596f43605a7db45"

osa2@^0.2.1:
  version "0.2.1"
  resolved "https://registry.yarnpkg.com/osa2/-/osa2-0.2.1.tgz#442b85807081168112f74f6a63618f6c31b218b7"
